
Microsoft Visual Studio Solution File, Format Version 12.00
# Visual Studio Version 16
VisualStudioVersion = 16.0.31605.320
MinimumVisualStudioVersion = 10.0.40219.1
Project("{2150E333-8FDC-42A3-9474-1A3956D46DE8}") = "src", "src", "{E0A3524A-53F3-4555-AA36-1C905FFF133F}"
EndProject
Project("{2150E333-8FDC-42A3-9474-1A3956D46DE8}") = "CatalogService", "CatalogService", "{A061E4B3-C6F4-44DD-80B4-4250826060FB}"
EndProject
Project("{9A19103F-16F7-4668-BE54-9A1E7A4F7556}") = "CatalogService.API", "src\CatalogService\CatalogService.API\CatalogService.API.csproj", "{71CF627D-09C3-427D-8C4B-15DA293D7340}"
EndProject
Project("{2150E333-8FDC-42A3-9474-1A3956D46DE8}") = "BasketService", "BasketService", "{7E1E8B5D-B4CF-4DD1-90D8-858AB1BF16FE}"
EndProject
Project("{9A19103F-16F7-4668-BE54-9A1E7A4F7556}") = "BasketService.API", "src\BasketService\BasketService.API\BasketService.API.csproj", "{941FF0A3-CD51-4CE8-A63D-174DD5B0D3D9}"
EndProject
Project("{E53339B2-1760-4266-BCC7-CA923CBCF16C}") = "docker-compose", "docker-compose.dcproj", "{C2BDFA70-B7B7-4D43-95A7-DA512ABE9014}"
EndProject
Project("{2150E333-8FDC-42A3-9474-1A3956D46DE8}") = "Common", "Common", "{42C9324E-81FE-4850-BB13-3C0CFD8E16DD}"
EndProject
Project("{9A19103F-16F7-4668-BE54-9A1E7A4F7556}") = "EventBusRabbitMQ", "src\Common\EventBusRabbitMQ\EventBusRabbitMQ.csproj", "{4BEE0CF3-B2BF-4AF1-AB86-0E31BE13C52A}"
EndProject
Project("{2150E333-8FDC-42A3-9474-1A3956D46DE8}") = "OrderService", "OrderService", "{A1006E78-9D38-4B32-9B05-DB025ABE35B8}"
EndProject
Project("{2150E333-8FDC-42A3-9474-1A3956D46DE8}") = "DiscountService", "DiscountService", "{28698861-037E-4CBA-ADE4-F54E9C9B70AD}"
EndProject
Project("{9A19103F-16F7-4668-BE54-9A1E7A4F7556}") = "OrderService.API", "src\OrderService\OrderService.API\OrderService.API.csproj", "{D8554716-31AB-4665-BB3E-591D68718BB7}"
EndProject
Project("{9A19103F-16F7-4668-BE54-9A1E7A4F7556}") = "OrderService.Application", "src\OrderService\OrderService.Application\OrderService.Application.csproj", "{5B652FA7-8830-4F8F-95C2-F1A28066CB8F}"
EndProject
Project("{9A19103F-16F7-4668-BE54-9A1E7A4F7556}") = "OrderService.Infrastructure", "src\OrderService\OrderService.Infrastructure\OrderService.Infrastructure.csproj", "{BE25B322-F07F-4FE5-B71D-9D0AC4B30C9F}"
EndProject
Project("{9A19103F-16F7-4668-BE54-9A1E7A4F7556}") = "OrderService.Core", "src\OrderService\OrderService.Core\OrderService.Core.csproj", "{A02B58C6-791B-46D1-B50F-B7C1700403CE}"
EndProject
Project("{2150E333-8FDC-42A3-9474-1A3956D46DE8}") = "WebApp", "WebApp", "{B16798DC-70D5-4C9F-A5A8-462E18A802E3}"
EndProject
Project("{9A19103F-16F7-4668-BE54-9A1E7A4F7556}") = "WebApp.Web", "src\WebApp\WebApp.Web\WebApp.Web.csproj", "{18DC7F07-AFFE-48D4-BB8A-EF88CDDE4050}"
EndProject
Project("{2150E333-8FDC-42A3-9474-1A3956D46DE8}") = "ApiGateway", "ApiGateway", "{CDAEE47E-1ECE-4535-AF32-4C7155A561FC}"
EndProject
Project("{FAE04EC0-301F-11D3-BF4B-00C04F79EFBC}") = "OcelotApiGateway", "src\ApiGateway\OcelotApiGateway\OcelotApiGateway.csproj", "{E454D161-A363-4F6B-AEAA-5056C5A53243}"
EndProject
Global
	GlobalSection(SolutionConfigurationPlatforms) = preSolution
		Debug|Any CPU = Debug|Any CPU
		Release|Any CPU = Release|Any CPU
	EndGlobalSection
	GlobalSection(ProjectConfigurationPlatforms) = postSolution
		{71CF627D-09C3-427D-8C4B-15DA293D7340}.Debug|Any CPU.ActiveCfg = Debug|Any CPU
		{71CF627D-09C3-427D-8C4B-15DA293D7340}.Debug|Any CPU.Build.0 = Debug|Any CPU
		{71CF627D-09C3-427D-8C4B-15DA293D7340}.Release|Any CPU.ActiveCfg = Release|Any CPU
		{71CF627D-09C3-427D-8C4B-15DA293D7340}.Release|Any CPU.Build.0 = Release|Any CPU
		{941FF0A3-CD51-4CE8-A63D-174DD5B0D3D9}.Debug|Any CPU.ActiveCfg = Debug|Any CPU
		{941FF0A3-CD51-4CE8-A63D-174DD5B0D3D9}.Debug|Any CPU.Build.0 = Debug|Any CPU
		{941FF0A3-CD51-4CE8-A63D-174DD5B0D3D9}.Release|Any CPU.ActiveCfg = Release|Any CPU
		{941FF0A3-CD51-4CE8-A63D-174DD5B0D3D9}.Release|Any CPU.Build.0 = Release|Any CPU
		{C2BDFA70-B7B7-4D43-95A7-DA512ABE9014}.Debug|Any CPU.ActiveCfg = Debug|Any CPU
		{C2BDFA70-B7B7-4D43-95A7-DA512ABE9014}.Debug|Any CPU.Build.0 = Debug|Any CPU
		{C2BDFA70-B7B7-4D43-95A7-DA512ABE9014}.Release|Any CPU.ActiveCfg = Release|Any CPU
		{C2BDFA70-B7B7-4D43-95A7-DA512ABE9014}.Release|Any CPU.Build.0 = Release|Any CPU
		{4BEE0CF3-B2BF-4AF1-AB86-0E31BE13C52A}.Debug|Any CPU.ActiveCfg = Debug|Any CPU
		{4BEE0CF3-B2BF-4AF1-AB86-0E31BE13C52A}.Debug|Any CPU.Build.0 = Debug|Any CPU
		{4BEE0CF3-B2BF-4AF1-AB86-0E31BE13C52A}.Release|Any CPU.ActiveCfg = Release|Any CPU
		{4BEE0CF3-B2BF-4AF1-AB86-0E31BE13C52A}.Release|Any CPU.Build.0 = Release|Any CPU
		{D8554716-31AB-4665-BB3E-591D68718BB7}.Debug|Any CPU.ActiveCfg = Debug|Any CPU
		{D8554716-31AB-4665-BB3E-591D68718BB7}.Debug|Any CPU.Build.0 = Debug|Any CPU
		{D8554716-31AB-4665-BB3E-591D68718BB7}.Release|Any CPU.ActiveCfg = Release|Any CPU
		{D8554716-31AB-4665-BB3E-591D68718BB7}.Release|Any CPU.Build.0 = Release|Any CPU
		{5B652FA7-8830-4F8F-95C2-F1A28066CB8F}.Debug|Any CPU.ActiveCfg = Debug|Any CPU
		{5B652FA7-8830-4F8F-95C2-F1A28066CB8F}.Debug|Any CPU.Build.0 = Debug|Any CPU
		{5B652FA7-8830-4F8F-95C2-F1A28066CB8F}.Release|Any CPU.ActiveCfg = Release|Any CPU
		{5B652FA7-8830-4F8F-95C2-F1A28066CB8F}.Release|Any CPU.Build.0 = Release|Any CPU
		{BE25B322-F07F-4FE5-B71D-9D0AC4B30C9F}.Debug|Any CPU.ActiveCfg = Debug|Any CPU
		{BE25B322-F07F-4FE5-B71D-9D0AC4B30C9F}.Debug|Any CPU.Build.0 = Debug|Any CPU
		{BE25B322-F07F-4FE5-B71D-9D0AC4B30C9F}.Release|Any CPU.ActiveCfg = Release|Any CPU
		{BE25B322-F07F-4FE5-B71D-9D0AC4B30C9F}.Release|Any CPU.Build.0 = Release|Any CPU
		{A02B58C6-791B-46D1-B50F-B7C1700403CE}.Debug|Any CPU.ActiveCfg = Debug|Any CPU
		{A02B58C6-791B-46D1-B50F-B7C1700403CE}.Debug|Any CPU.Build.0 = Debug|Any CPU
		{A02B58C6-791B-46D1-B50F-B7C1700403CE}.Release|Any CPU.ActiveCfg = Release|Any CPU
		{A02B58C6-791B-46D1-B50F-B7C1700403CE}.Release|Any CPU.Build.0 = Release|Any CPU
		{18DC7F07-AFFE-48D4-BB8A-EF88CDDE4050}.Debug|Any CPU.ActiveCfg = Debug|Any CPU
		{18DC7F07-AFFE-48D4-BB8A-EF88CDDE4050}.Debug|Any CPU.Build.0 = Debug|Any CPU
		{18DC7F07-AFFE-48D4-BB8A-EF88CDDE4050}.Release|Any CPU.ActiveCfg = Release|Any CPU
		{18DC7F07-AFFE-48D4-BB8A-EF88CDDE4050}.Release|Any CPU.Build.0 = Release|Any CPU
		{E454D161-A363-4F6B-AEAA-5056C5A53243}.Debug|Any CPU.ActiveCfg = Debug|Any CPU
		{E454D161-A363-4F6B-AEAA-5056C5A53243}.Debug|Any CPU.Build.0 = Debug|Any CPU
		{E454D161-A363-4F6B-AEAA-5056C5A53243}.Release|Any CPU.ActiveCfg = Release|Any CPU
		{E454D161-A363-4F6B-AEAA-5056C5A53243}.Release|Any CPU.Build.0 = Release|Any CPU
	EndGlobalSection
	GlobalSection(SolutionProperties) = preSolution
		HideSolutionNode = FALSE
	EndGlobalSection
	GlobalSection(NestedProjects) = preSolution
		{A061E4B3-C6F4-44DD-80B4-4250826060FB} = {E0A3524A-53F3-4555-AA36-1C905FFF133F}
		{71CF627D-09C3-427D-8C4B-15DA293D7340} = {A061E4B3-C6F4-44DD-80B4-4250826060FB}
		{7E1E8B5D-B4CF-4DD1-90D8-858AB1BF16FE} = {E0A3524A-53F3-4555-AA36-1C905FFF133F}
		{941FF0A3-CD51-4CE8-A63D-174DD5B0D3D9} = {7E1E8B5D-B4CF-4DD1-90D8-858AB1BF16FE}
		{42C9324E-81FE-4850-BB13-3C0CFD8E16DD} = {E0A3524A-53F3-4555-AA36-1C905FFF133F}
		{4BEE0CF3-B2BF-4AF1-AB86-0E31BE13C52A} = {42C9324E-81FE-4850-BB13-3C0CFD8E16DD}
		{A1006E78-9D38-4B32-9B05-DB025ABE35B8} = {E0A3524A-53F3-4555-AA36-1C905FFF133F}
		{28698861-037E-4CBA-ADE4-F54E9C9B70AD} = {E0A3524A-53F3-4555-AA36-1C905FFF133F}
		{D8554716-31AB-4665-BB3E-591D68718BB7} = {A1006E78-9D38-4B32-9B05-DB025ABE35B8}
		{5B652FA7-8830-4F8F-95C2-F1A28066CB8F} = {A1006E78-9D38-4B32-9B05-DB025ABE35B8}
		{BE25B322-F07F-4FE5-B71D-9D0AC4B30C9F} = {A1006E78-9D38-4B32-9B05-DB025ABE35B8}
		{A02B58C6-791B-46D1-B50F-B7C1700403CE} = {A1006E78-9D38-4B32-9B05-DB025ABE35B8}
		{B16798DC-70D5-4C9F-A5A8-462E18A802E3} = {E0A3524A-53F3-4555-AA36-1C905FFF133F}
		{18DC7F07-AFFE-48D4-BB8A-EF88CDDE4050} = {B16798DC-70D5-4C9F-A5A8-462E18A802E3}
		{CDAEE47E-1ECE-4535-AF32-4C7155A561FC} = {E0A3524A-53F3-4555-AA36-1C905FFF133F}
		{E454D161-A363-4F6B-AEAA-5056C5A53243} = {CDAEE47E-1ECE-4535-AF32-4C7155A561FC}
	EndGlobalSection
	GlobalSection(ExtensibilityGlobals) = postSolution
		SolutionGuid = {89DFB9AD-E660-4717-AC48-12FE145F5AF1}
	EndGlobalSection
EndGlobal
